
Microsoft Visual Studio Solution File, Format Version 12.00
# Visual Studio Version 16
VisualStudioVersion = 16.0.31005.135
MinimumVisualStudioVersion = 10.0.40219.1
Project("{FAE04EC0-301F-11D3-BF4B-00C04F79EFBC}") = "StatisticA2H", "StatisticA2H\StatisticA2H.csproj", "{53792146-E9B9-42F9-BEF8-A5B56759AFBA}"
EndProject
Global
	GlobalSection(SolutionConfigurationPlatforms) = preSolution
		Debug|Any CPU = Debug|Any CPU
		Release|Any CPU = Release|Any CPU
	EndGlobalSection
	GlobalSection(ProjectConfigurationPlatforms) = postSolution
		{53792146-E9B9-42F9-BEF8-A5B56759AFBA}.Debug|Any CPU.ActiveCfg = Debug|Any CPU
		{53792146-E9B9-42F9-BEF8-A5B56759AFBA}.Debug|Any CPU.Build.0 = Debug|Any CPU
		{53792146-E9B9-42F9-BEF8-A5B56759AFBA}.Release|Any CPU.ActiveCfg = Release|Any CPU
		{53792146-E9B9-42F9-BEF8-A5B56759AFBA}.Release|Any CPU.Build.0 = Release|Any CPU
	EndGlobalSection
	GlobalSection(SolutionProperties) = preSolution
		HideSolutionNode = FALSE
	EndGlobalSection
	GlobalSection(ExtensibilityGlobals) = postSolution
		SolutionGuid = {5768C2B2-BF77-4C8C-B462-DE2F5BC08A96}
	EndGlobalSection
EndGlobal
